
Microsoft Visual Studio Solution File, Format Version 12.00
# Visual Studio 15
VisualStudioVersion = 15.0.27428.2037
MinimumVisualStudioVersion = 10.0.40219.1
Project("{8BC9CEB8-8B4A-11D0-8D11-00A0C91BC942}") = "Project", "Project\Project.vcxproj", "{B35E6A36-46DC-4DD4-9362-DD6A6E83EDA5}"
EndProject
Project("{8BC9CEB8-8B4A-11D0-8D11-00A0C91BC942}") = "Server", "Server\Server.vcxproj", "{639703C7-7FC3-4AC7-9796-94788186B9E0}"
EndProject
Project("{8BC9CEB8-8B4A-11D0-8D11-00A0C91BC942}") = "BO", "BO\BO.vcxproj", "{FC2A9EF3-9503-414A-A1DB-6BDFBB8C0F91}"
EndProject
Global
	GlobalSection(Performance) = preSolution
		HasPerformanceSessions = true
	EndGlobalSection
	GlobalSection(SolutionConfigurationPlatforms) = preSolution
		Debug|x64 = Debug|x64
		Debug|x86 = Debug|x86
		Release|x64 = Release|x64
		Release|x86 = Release|x86
	EndGlobalSection
	GlobalSection(ProjectConfigurationPlatforms) = postSolution
		{B35E6A36-46DC-4DD4-9362-DD6A6E83EDA5}.Debug|x64.ActiveCfg = Debug|x64
		{B35E6A36-46DC-4DD4-9362-DD6A6E83EDA5}.Debug|x64.Build.0 = Debug|x64
		{B35E6A36-46DC-4DD4-9362-DD6A6E83EDA5}.Debug|x86.ActiveCfg = Debug|Win32
		{B35E6A36-46DC-4DD4-9362-DD6A6E83EDA5}.Debug|x86.Build.0 = Debug|Win32
		{B35E6A36-46DC-4DD4-9362-DD6A6E83EDA5}.Release|x64.ActiveCfg = Release|x64
		{B35E6A36-46DC-4DD4-9362-DD6A6E83EDA5}.Release|x64.Build.0 = Release|x64
		{B35E6A36-46DC-4DD4-9362-DD6A6E83EDA5}.Release|x86.ActiveCfg = Release|Win32
		{B35E6A36-46DC-4DD4-9362-DD6A6E83EDA5}.Release|x86.Build.0 = Release|Win32
		{639703C7-7FC3-4AC7-9796-94788186B9E0}.Debug|x64.ActiveCfg = Debug|x64
		{639703C7-7FC3-4AC7-9796-94788186B9E0}.Debug|x64.Build.0 = Debug|x64
		{639703C7-7FC3-4AC7-9796-94788186B9E0}.Debug|x86.ActiveCfg = Debug|Win32
		{639703C7-7FC3-4AC7-9796-94788186B9E0}.Debug|x86.Build.0 = Debug|Win32
		{639703C7-7FC3-4AC7-9796-94788186B9E0}.Release|x64.ActiveCfg = Release|x64
		{639703C7-7FC3-4AC7-9796-94788186B9E0}.Release|x64.Build.0 = Release|x64
		{639703C7-7FC3-4AC7-9796-94788186B9E0}.Release|x86.ActiveCfg = Release|Win32
		{639703C7-7FC3-4AC7-9796-94788186B9E0}.Release|x86.Build.0 = Release|Win32
		{FC2A9EF3-9503-414A-A1DB-6BDFBB8C0F91}.Debug|x64.ActiveCfg = Debug|x64
		{FC2A9EF3-9503-414A-A1DB-6BDFBB8C0F91}.Debug|x64.Build.0 = Debug|x64
		{FC2A9EF3-9503-414A-A1DB-6BDFBB8C0F91}.Debug|x86.ActiveCfg = Debug|Win32
		{FC2A9EF3-9503-414A-A1DB-6BDFBB8C0F91}.Debug|x86.Build.0 = Debug|Win32
		{FC2A9EF3-9503-414A-A1DB-6BDFBB8C0F91}.Release|x64.ActiveCfg = Release|x64
		{FC2A9EF3-9503-414A-A1DB-6BDFBB8C0F91}.Release|x64.Build.0 = Release|x64
		{FC2A9EF3-9503-414A-A1DB-6BDFBB8C0F91}.Release|x86.ActiveCfg = Release|Win32
		{FC2A9EF3-9503-414A-A1DB-6BDFBB8C0F91}.Release|x86.Build.0 = Release|Win32
	EndGlobalSection
	GlobalSection(SolutionProperties) = preSolution
		HideSolutionNode = FALSE
	EndGlobalSection
	GlobalSection(ExtensibilityGlobals) = postSolution
		SolutionGuid = {71507903-4EC0-4860-BB5C-E1ECA519ED2D}
	EndGlobalSection
EndGlobal
