<?xml version="1.0" encoding="utf-8"?>
<Project ToolsVersion="4.0" xmlns="http://schemas.microsoft.com/developer/msbuild/2003">
  <ItemGroup>
    <Filter Include="Source Files">
      <UniqueIdentifier>{4FC737F1-C7A5-4376-A066-2A32D752A2FF}</UniqueIdentifier>
      <Extensions>cpp;c;cc;cxx;def;odl;idl;hpj;bat;asm;asmx</Extensions>
    </Filter>
    <Filter Include="Header Files">
      <UniqueIdentifier>{93995380-89BD-4b04-88EB-625FBE52EBFB}</UniqueIdentifier>
      <Extensions>h;hh;hpp;hxx;hm;inl;inc;ipp;xsd</Extensions>
    </Filter>
    <Filter Include="Resource Files">
      <UniqueIdentifier>{67DA6AB6-F800-4c08-8B7A-83BB121AAD01}</UniqueIdentifier>
      <Extensions>rc;ico;cur;bmp;dlg;rc2;rct;bin;rgs;gif;jpg;jpeg;jpe;resx;tiff;tif;png;wav;mfcribbon-ms</Extensions>
    </Filter>
    <Filter Include="Header Files\Info">
      <UniqueIdentifier>{63650dd6-0822-4f61-ae18-c8022c107392}</UniqueIdentifier>
    </Filter>
    <Filter Include="Source Files\Info">
      <UniqueIdentifier>{9210ed19-05b8-4a7f-bdfd-2f4ab702ec0c}</UniqueIdentifier>
    </Filter>
  </ItemGroup>
  <ItemGroup>
    <ClInclude Include="Constants.h">
      <Filter>Header Files</Filter>
    </ClInclude>
    <ClInclude Include="Updates.h">
      <Filter>Header Files</Filter>
    </ClInclude>
    <ClInclude Include="Client.h">
      <Filter>Header Files</Filter>
    </ClInclude>
    <ClInclude Include="Server.h">
      <Filter>Header Files</Filter>
    </ClInclude>
    <ClInclude Include="Exceptions.h">
      <Filter>Header Files</Filter>
    </ClInclude>
    <ClInclude Include="Quadtree.h">
      <Filter>Header Files</Filter>
    </ClInclude>
    <ClInclude Include="HudUpdate.h">
      <Filter>Header Files</Filter>
    </ClInclude>
    <ClInclude Include="GameUpdater.h">
      <Filter>Header Files</Filter>
    </ClInclude>
    <ClInclude Include="BulletInfo.h">
      <Filter>Header Files\Info</Filter>
    </ClInclude>
    <ClInclude Include="ConnectionInfo.h">
      <Filter>Header Files\Info</Filter>
    </ClInclude>
    <ClInclude Include="PlayerInfo.h">
      <Filter>Header Files\Info</Filter>
    </ClInclude>
    <ClInclude Include="GameInfo.h">
      <Filter>Header Files\Info</Filter>
    </ClInclude>
    <ClInclude Include="SerializableInfo.h">
      <Filter>Header Files\Info</Filter>
    </ClInclude>
    <ClInclude Include="resource.h">
      <Filter>Header Files</Filter>
    </ClInclude>
    <ClInclude Include="HitInfo.h">
      <Filter>Header Files\Info</Filter>
    </ClInclude>
    <ClInclude Include="Factory.h">
      <Filter>Header Files</Filter>
    </ClInclude>
  </ItemGroup>
  <ItemGroup>
    <ClCompile Include="Server.cpp">
      <Filter>Source Files</Filter>
    </ClCompile>
    <ClCompile Include="Client.cpp">
      <Filter>Source Files</Filter>
    </ClCompile>
    <ClCompile Include="HudUpdate.cpp">
      <Filter>Source Files</Filter>
    </ClCompile>
    <ClCompile Include="GameUpdater.cpp">
      <Filter>Source Files</Filter>
    </ClCompile>
    <ClCompile Include="ConnectionInfo.cpp">
      <Filter>Source Files\Info</Filter>
    </ClCompile>
    <ClCompile Include="BulletInfo.cpp">
      <Filter>Source Files\Info</Filter>
    </ClCompile>
    <ClCompile Include="GameInfo.cpp">
      <Filter>Source Files\Info</Filter>
    </ClCompile>
    <ClCompile Include="PlayerInfo.cpp">
      <Filter>Source Files\Info</Filter>
    </ClCompile>
    <ClCompile Include="SerializableInfo.cpp">
      <Filter>Source Files\Info</Filter>
    </ClCompile>
    <ClCompile Include="HitInfo.cpp">
      <Filter>Source Files\Info</Filter>
    </ClCompile>
  </ItemGroup>
  <ItemGroup>
    <ResourceCompile Include="BO.rc">
      <Filter>Resource Files</Filter>
    </ResourceCompile>
  </ItemGroup>
</Project>